
Microsoft Visual Studio Solution File, Format Version 12.00
# Visual Studio 15
VisualStudioVersion = 15.0.26730.16
MinimumVisualStudioVersion = 10.0.40219.1
Project("{FAE04EC0-301F-11D3-BF4B-00C04F79EFBC}") = "BongoCat", "BongoCat\BongoCat.csproj", "{97164F86-0DDE-4696-8C3B-93DE016E0A93}"
EndProject
Global
	GlobalSection(SolutionConfigurationPlatforms) = preSolution
		Debug|Any CPU = Debug|Any CPU
		Release|Any CPU = Release|Any CPU
	EndGlobalSection
	GlobalSection(ProjectConfigurationPlatforms) = postSolution
		{97164F86-0DDE-4696-8C3B-93DE016E0A93}.Debug|Any CPU.ActiveCfg = Debug|Any CPU
		{97164F86-0DDE-4696-8C3B-93DE016E0A93}.Debug|Any CPU.Build.0 = Debug|Any CPU
		{97164F86-0DDE-4696-8C3B-93DE016E0A93}.Release|Any CPU.ActiveCfg = Release|Any CPU
		{97164F86-0DDE-4696-8C3B-93DE016E0A93}.Release|Any CPU.Build.0 = Release|Any CPU
	EndGlobalSection
	GlobalSection(SolutionProperties) = preSolution
		HideSolutionNode = FALSE
	EndGlobalSection
	GlobalSection(ExtensibilityGlobals) = postSolution
		SolutionGuid = {F3D5CA7C-B029-4CBD-85EA-8274F5544C7D}
	EndGlobalSection
EndGlobal
